<?xml version="1.0" encoding="utf-8"?>
<Project ToolsVersion="4.0" xmlns="http://schemas.microsoft.com/developer/msbuild/2003">
  <ItemGroup>
    <Filter Include="Исходные файлы">
      <UniqueIdentifier>{4FC737F1-C7A5-4376-A066-2A32D752A2FF}</UniqueIdentifier>
      <Extensions>cpp;c;cc;cxx;def;odl;idl;hpj;bat;asm;asmx</Extensions>
    </Filter>
    <Filter Include="Файлы заголовков">
      <UniqueIdentifier>{93995380-89BD-4b04-88EB-625FBE52EBFB}</UniqueIdentifier>
      <Extensions>h;hh;hpp;hxx;hm;inl;inc;ipp;xsd</Extensions>
    </Filter>
    <Filter Include="Файлы ресурсов">
      <UniqueIdentifier>{67DA6AB6-F800-4c08-8B7A-83BB121AAD01}</UniqueIdentifier>
      <Extensions>rc;ico;cur;bmp;dlg;rc2;rct;bin;rgs;gif;jpg;jpeg;jpe;resx;tiff;tif;png;wav;mfcribbon-ms</Extensions>
    </Filter>
    <Filter Include="Исходные файлы\platform">
      <UniqueIdentifier>{991d1fe5-bc1c-4afd-b8a2-870fedfd462d}</UniqueIdentifier>
    </Filter>
    <Filter Include="Исходные файлы\resources">
      <UniqueIdentifier>{477f3aeb-b147-4a4f-815a-7f31b72297ca}</UniqueIdentifier>
    </Filter>
  </ItemGroup>
  <ItemGroup>
    <ClInclude Include="..\src\resources\gamedata.h">
      <Filter>Исходные файлы\resources</Filter>
    </ClInclude>
    <ClInclude Include="..\src\platform.h">
      <Filter>Файлы заголовков</Filter>
    </ClInclude>
    <ClInclude Include="..\src\game.h">
      <Filter>Файлы заголовков</Filter>
    </ClInclude>
  </ItemGroup>
  <ItemGroup>
    <ClCompile Include="..\src\graphics.c">
      <Filter>Исходные файлы</Filter>
    </ClCompile>
    <ClCompile Include="..\src\game.c">
      <Filter>Исходные файлы</Filter>
    </ClCompile>
    <ClCompile Include="..\src\resources\gamedata.c">
      <Filter>Исходные файлы\resources</Filter>
    </ClCompile>
    <ClCompile Include="..\src\platform\plat_win32.c">
      <Filter>Исходные файлы\platform</Filter>
    </ClCompile>
  </ItemGroup>
</Project>